
Microsoft Visual Studio Solution File, Format Version 12.00
# Visual Studio Version 16
VisualStudioVersion = 16.0.30907.101
MinimumVisualStudioVersion = 10.0.40219.1
Project("{9A19103F-16F7-4668-BE54-9A1E7A4F7556}") = "MyFirstProject", "MyFirstProject.csproj", "{3024C1DA-CE8D-42AA-A329-9B5414F6BD6C}"
EndProject
Global
	GlobalSection(SolutionConfigurationPlatforms) = preSolution
		Debug|Any CPU = Debug|Any CPU
		Release|Any CPU = Release|Any CPU
	EndGlobalSection
	GlobalSection(ProjectConfigurationPlatforms) = postSolution
		{3024C1DA-CE8D-42AA-A329-9B5414F6BD6C}.Debug|Any CPU.ActiveCfg = Debug|Any CPU
		{3024C1DA-CE8D-42AA-A329-9B5414F6BD6C}.Debug|Any CPU.Build.0 = Debug|Any CPU
		{3024C1DA-CE8D-42AA-A329-9B5414F6BD6C}.Release|Any CPU.ActiveCfg = Release|Any CPU
		{3024C1DA-CE8D-42AA-A329-9B5414F6BD6C}.Release|Any CPU.Build.0 = Release|Any CPU
	EndGlobalSection
	GlobalSection(SolutionProperties) = preSolution
		HideSolutionNode = FALSE
	EndGlobalSection
	GlobalSection(ExtensibilityGlobals) = postSolution
		SolutionGuid = {DA90B1D4-14AA-4AE2-8C4D-CB71CFA18876}
	EndGlobalSection
EndGlobal
